
Microsoft Visual Studio Solution File, Format Version 12.00
# Visual Studio Version 16
VisualStudioVersion = 16.0.30002.166
MinimumVisualStudioVersion = 10.0.40219.1
Project("{FAE04EC0-301F-11D3-BF4B-00C04F79EFBC}") = "WebApplication2", "WebApplication2\WebApplication2.csproj", "{7FDCEA10-417A-4CBD-9E16-942365635160}"
EndProject
Global
	GlobalSection(SolutionConfigurationPlatforms) = preSolution
		Debug|Any CPU = Debug|Any CPU
		Release|Any CPU = Release|Any CPU
	EndGlobalSection
	GlobalSection(ProjectConfigurationPlatforms) = postSolution
		{7FDCEA10-417A-4CBD-9E16-942365635160}.Debug|Any CPU.ActiveCfg = Debug|Any CPU
		{7FDCEA10-417A-4CBD-9E16-942365635160}.Debug|Any CPU.Build.0 = Debug|Any CPU
		{7FDCEA10-417A-4CBD-9E16-942365635160}.Release|Any CPU.ActiveCfg = Release|Any CPU
		{7FDCEA10-417A-4CBD-9E16-942365635160}.Release|Any CPU.Build.0 = Release|Any CPU
	EndGlobalSection
	GlobalSection(SolutionProperties) = preSolution
		HideSolutionNode = FALSE
	EndGlobalSection
	GlobalSection(ExtensibilityGlobals) = postSolution
		SolutionGuid = {25152E52-6084-450B-9AD3-220FC1B89B1A}
	EndGlobalSection
EndGlobal
